
Microsoft Visual Studio Solution File, Format Version 12.00
Project("{FAE04EC0-301F-11D3-BF4B-00C04F79EFBC}") = "MagicGuiEditor", "MagicGuiEditor.csproj", "{2BFD3C38-2410-403E-A1FC-A7A91A47579E}"
EndProject
Global
	GlobalSection(SolutionConfigurationPlatforms) = preSolution
		Debug|Any CPU = Debug|Any CPU
		Release|Any CPU = Release|Any CPU
	EndGlobalSection
	GlobalSection(ProjectConfigurationPlatforms) = postSolution
		{2BFD3C38-2410-403E-A1FC-A7A91A47579E}.Debug|Any CPU.ActiveCfg = Debug|Any CPU
		{2BFD3C38-2410-403E-A1FC-A7A91A47579E}.Debug|Any CPU.Build.0 = Debug|Any CPU
		{2BFD3C38-2410-403E-A1FC-A7A91A47579E}.Release|Any CPU.ActiveCfg = Release|Any CPU
		{2BFD3C38-2410-403E-A1FC-A7A91A47579E}.Release|Any CPU.Build.0 = Release|Any CPU
	EndGlobalSection
EndGlobal
